
Microsoft Visual Studio Solution File, Format Version 12.00
# Visual Studio Version 17
VisualStudioVersion = 17.3.32922.545
MinimumVisualStudioVersion = 10.0.40219.1
Project("{FAE04EC0-301F-11D3-BF4B-00C04F79EFBC}") = "Обычный калькулятор в Windows Forms", "WinFormsApp5\Обычный калькулятор в Windows Forms.csproj", "{4FA3E3D8-3634-43AC-B4AF-FE34F72E0EE5}"
EndProject
Global
	GlobalSection(SolutionConfigurationPlatforms) = preSolution
		Debug|Any CPU = Debug|Any CPU
		Release|Any CPU = Release|Any CPU
	EndGlobalSection
	GlobalSection(ProjectConfigurationPlatforms) = postSolution
		{4FA3E3D8-3634-43AC-B4AF-FE34F72E0EE5}.Debug|Any CPU.ActiveCfg = Debug|Any CPU
		{4FA3E3D8-3634-43AC-B4AF-FE34F72E0EE5}.Debug|Any CPU.Build.0 = Debug|Any CPU
		{4FA3E3D8-3634-43AC-B4AF-FE34F72E0EE5}.Release|Any CPU.ActiveCfg = Release|Any CPU
		{4FA3E3D8-3634-43AC-B4AF-FE34F72E0EE5}.Release|Any CPU.Build.0 = Release|Any CPU
	EndGlobalSection
	GlobalSection(SolutionProperties) = preSolution
		HideSolutionNode = FALSE
	EndGlobalSection
	GlobalSection(ExtensibilityGlobals) = postSolution
		SolutionGuid = {CAAD955E-81D6-4725-902D-67835CA57C94}
	EndGlobalSection
EndGlobal
